
Microsoft Visual Studio Solution File, Format Version 12.00
# Visual Studio Version 17
VisualStudioVersion = 17.6.33723.286
MinimumVisualStudioVersion = 10.0.40219.1
Project("{FAE04EC0-301F-11D3-BF4B-00C04F79EFBC}") = "TajpiSharp", "TajpiSharp\TajpiSharp.csproj", "{08B9A10A-54BA-4A27-8AF7-218D0EE58B21}"
EndProject
Global
	GlobalSection(SolutionConfigurationPlatforms) = preSolution
		Debug|Any CPU = Debug|Any CPU
		Release|Any CPU = Release|Any CPU
	EndGlobalSection
	GlobalSection(ProjectConfigurationPlatforms) = postSolution
		{08B9A10A-54BA-4A27-8AF7-218D0EE58B21}.Debug|Any CPU.ActiveCfg = Debug|Any CPU
		{08B9A10A-54BA-4A27-8AF7-218D0EE58B21}.Debug|Any CPU.Build.0 = Debug|Any CPU
		{08B9A10A-54BA-4A27-8AF7-218D0EE58B21}.Release|Any CPU.ActiveCfg = Release|Any CPU
		{08B9A10A-54BA-4A27-8AF7-218D0EE58B21}.Release|Any CPU.Build.0 = Release|Any CPU
	EndGlobalSection
	GlobalSection(SolutionProperties) = preSolution
		HideSolutionNode = FALSE
	EndGlobalSection
	GlobalSection(ExtensibilityGlobals) = postSolution
		SolutionGuid = {D0BAAF43-3643-41F6-9545-67FBA39E1FE5}
	EndGlobalSection
EndGlobal
